# This file is automatically @generated by Cargo.
# It is not intended for manual editing.
version = 4

[[package]]
name = "nocter-arm64"
version = "0.0.0"
dependencies = [
 "nocter-machine",
]

[[package]]
name = "nocter-checking"
version = "0.0.0"
dependencies = [
 "nocter-declaration-lowering",
 "nocter-declarations",
 "nocter-diagnostics",
 "nocter-model",
 "nocter-source",
 "nocter-source-index",
 "nocter-syntax",
]

[[package]]
name = "nocter-declaration-lowering"
version = "0.0.0"
dependencies = [
 "nocter-declarations",
 "nocter-diagnostics",
 "nocter-model",
 "nocter-source",
 "nocter-source-index",
 "nocter-syntax",
]

[[package]]
name = "nocter-declarations"
version = "0.0.0"
dependencies = [
 "nocter-model",
]

[[package]]
name = "nocter-diagnostics"
version = "0.0.0"
dependencies = [
 "nocter-source",
 "nocter-source-index",
 "nocter-syntax",
]

[[package]]
name = "nocter-machine"
version = "0.0.0"
dependencies = [
 "nocter-checking",
 "nocter-declaration-lowering",
 "nocter-declarations",
 "nocter-mir",
 "nocter-model",
 "nocter-target-program",
 "nocter-test-support",
]

[[package]]
name = "nocter-macho"
version = "0.0.0"
dependencies = [
 "nocter-arm64",
]

[[package]]
name = "nocter-mir"
version = "0.0.0"
dependencies = [
 "nocter-checking",
 "nocter-declaration-lowering",
 "nocter-declarations",
 "nocter-model",
 "nocter-target-program",
 "nocter-test-support",
]

[[package]]
name = "nocter-model"
version = "0.0.0"

[[package]]
name = "nocter-source"
version = "0.0.0"

[[package]]
name = "nocter-source-index"
version = "0.0.0"
dependencies = [
 "nocter-declarations",
 "nocter-model",
 "nocter-source",
 "nocter-syntax",
]

[[package]]
name = "nocter-syntax"
version = "0.0.0"
dependencies = [
 "nocter-source",
]

[[package]]
name = "nocter-target-program"
version = "0.0.0"
dependencies = [
 "nocter-checking",
 "nocter-declaration-lowering",
 "nocter-declarations",
 "nocter-model",
 "nocter-test-support",
]

[[package]]
name = "nocter-test-support"
version = "0.0.0"
dependencies = [
 "nocter-declaration-lowering",
 "nocter-declarations",
 "nocter-model",
 "nocter-source",
 "nocter-syntax",
]
